
Microsoft Visual Studio Solution File, Format Version 12.00
# Visual Studio Version 17
VisualStudioVersion = 17.6.33801.468
MinimumVisualStudioVersion = 10.0.40219.1
Project("{9A19103F-16F7-4668-BE54-9A1E7A4F7556}") = "January", "January\January.csproj", "{5DA02D05-C069-4BE9-A504-16C11D18831F}"
EndProject
Project("{2150E333-8FDC-42A3-9474-1A3956D46DE8}") = "Tests", "Tests", "{0707060F-5C36-4EDE-8021-723D2CC2D7F0}"
EndProject
Project("{FAE04EC0-301F-11D3-BF4B-00C04F79EFBC}") = "January.Tests", "January.Tests\January.Tests.csproj", "{490D79CB-6494-4C30-8B5A-0F5249103884}"
EndProject
Global
	GlobalSection(SolutionConfigurationPlatforms) = preSolution
		Debug|Any CPU = Debug|Any CPU
		Release|Any CPU = Release|Any CPU
	EndGlobalSection
	GlobalSection(ProjectConfigurationPlatforms) = postSolution
		{5DA02D05-C069-4BE9-A504-16C11D18831F}.Debug|Any CPU.ActiveCfg = Debug|Any CPU
		{5DA02D05-C069-4BE9-A504-16C11D18831F}.Debug|Any CPU.Build.0 = Debug|Any CPU
		{5DA02D05-C069-4BE9-A504-16C11D18831F}.Release|Any CPU.ActiveCfg = Release|Any CPU
		{5DA02D05-C069-4BE9-A504-16C11D18831F}.Release|Any CPU.Build.0 = Release|Any CPU
		{490D79CB-6494-4C30-8B5A-0F5249103884}.Debug|Any CPU.ActiveCfg = Debug|Any CPU
		{490D79CB-6494-4C30-8B5A-0F5249103884}.Debug|Any CPU.Build.0 = Debug|Any CPU
		{490D79CB-6494-4C30-8B5A-0F5249103884}.Release|Any CPU.ActiveCfg = Release|Any CPU
		{490D79CB-6494-4C30-8B5A-0F5249103884}.Release|Any CPU.Build.0 = Release|Any CPU
	EndGlobalSection
	GlobalSection(SolutionProperties) = preSolution
		HideSolutionNode = FALSE
	EndGlobalSection
	GlobalSection(NestedProjects) = preSolution
		{490D79CB-6494-4C30-8B5A-0F5249103884} = {0707060F-5C36-4EDE-8021-723D2CC2D7F0}
	EndGlobalSection
	GlobalSection(ExtensibilityGlobals) = postSolution
		SolutionGuid = {373E0D2C-ED88-4E40-994B-C97672388779}
	EndGlobalSection
EndGlobal
